
Microsoft Visual Studio Solution File, Format Version 12.00
# Visual Studio Version 16
VisualStudioVersion = 16.0.29503.13
MinimumVisualStudioVersion = 10.0.40219.1
Project("{FAE04EC0-301F-11D3-BF4B-00C04F79EFBC}") = "Cumpooter Inventory Management", "Cumpooter Inventory Management\Cumpooter Inventory Management.csproj", "{CD4014DE-2BDD-454C-A28B-8526639536E2}"
EndProject
Global
	GlobalSection(SolutionConfigurationPlatforms) = preSolution
		Debug|Any CPU = Debug|Any CPU
		Release|Any CPU = Release|Any CPU
	EndGlobalSection
	GlobalSection(ProjectConfigurationPlatforms) = postSolution
		{CD4014DE-2BDD-454C-A28B-8526639536E2}.Debug|Any CPU.ActiveCfg = Debug|Any CPU
		{CD4014DE-2BDD-454C-A28B-8526639536E2}.Debug|Any CPU.Build.0 = Debug|Any CPU
		{CD4014DE-2BDD-454C-A28B-8526639536E2}.Release|Any CPU.ActiveCfg = Release|Any CPU
		{CD4014DE-2BDD-454C-A28B-8526639536E2}.Release|Any CPU.Build.0 = Release|Any CPU
	EndGlobalSection
	GlobalSection(SolutionProperties) = preSolution
		HideSolutionNode = FALSE
	EndGlobalSection
	GlobalSection(ExtensibilityGlobals) = postSolution
		SolutionGuid = {BF118610-B96D-4E72-9B87-198980A19627}
	EndGlobalSection
EndGlobal
